// !$*UTF8*$!
{
	archiveVersion = 1;
	classes = {
	};
	objectVersion = 55;
	objects = {

/* Begin PBXBuildFile section */
		2C7428FB2877D82B00B1C1C8 /* WeatherListViewCell.swift in Sources */ = {isa = PBXBuildFile; fileRef = 2C7428FA2877D82B00B1C1C8 /* WeatherListViewCell.swift */; };
		2C7428FD2877D89D00B1C1C8 /* WeatherService.swift in Sources */ = {isa = PBXBuildFile; fileRef = 2C7428FC2877D89D00B1C1C8 /* WeatherService.swift */; };
		2C7428FF2877D92700B1C1C8 /* City.swift in Sources */ = {isa = PBXBuildFile; fileRef = 2C7428FE2877D92700B1C1C8 /* City.swift */; };
		2C7429022878070500B1C1C8 /* WeatherViewModel.swift in Sources */ = {isa = PBXBuildFile; fileRef = 2C7429012878070500B1C1C8 /* WeatherViewModel.swift */; };
		2C742906287813D200B1C1C8 /* ViewController.swift in Sources */ = {isa = PBXBuildFile; fileRef = 2C742905287813D200B1C1C8 /* ViewController.swift */; };
		2C7429082878146C00B1C1C8 /* WeatherDetailViewController.swift in Sources */ = {isa = PBXBuildFile; fileRef = 2C7429072878146C00B1C1C8 /* WeatherDetailViewController.swift */; };
		2C74290A28783D2A00B1C1C8 /* Weather.swift in Sources */ = {isa = PBXBuildFile; fileRef = 2C74290928783D2A00B1C1C8 /* Weather.swift */; };
		2C74290D28784FC500B1C1C8 /* UIImageView+Extension.swift in Sources */ = {isa = PBXBuildFile; fileRef = 2C74290C28784FC500B1C1C8 /* UIImageView+Extension.swift */; };
		2C9AFCF428791CCE0042578C /* DataModel.xcdatamodeld in Sources */ = {isa = PBXBuildFile; fileRef = 2C9AFCF228791CCE0042578C /* DataModel.xcdatamodeld */; };
		41DCFCE52877C48C00C22E8E /* AppDelegate.swift in Sources */ = {isa = PBXBuildFile; fileRef = 41DCFCE42877C48C00C22E8E /* AppDelegate.swift */; };
		41DCFCE72877C48C00C22E8E /* SceneDelegate.swift in Sources */ = {isa = PBXBuildFile; fileRef = 41DCFCE62877C48C00C22E8E /* SceneDelegate.swift */; };
		41DCFCEC2877C48C00C22E8E /* Main.storyboard in Resources */ = {isa = PBXBuildFile; fileRef = 41DCFCEA2877C48C00C22E8E /* Main.storyboard */; };
		41DCFCEE2877C49300C22E8E /* Assets.xcassets in Resources */ = {isa = PBXBuildFile; fileRef = 41DCFCED2877C49300C22E8E /* Assets.xcassets */; };
		41DCFCF12877C49300C22E8E /* LaunchScreen.storyboard in Resources */ = {isa = PBXBuildFile; fileRef = 41DCFCEF2877C49300C22E8E /* LaunchScreen.storyboard */; };
/* End PBXBuildFile section */

/* Begin PBXFileReference section */
		2C7428FA2877D82B00B1C1C8 /* WeatherListViewCell.swift */ = {isa = PBXFileReference; lastKnownFileType = sourcecode.swift; path = WeatherListViewCell.swift; sourceTree = "<group>"; };
		2C7428FC2877D89D00B1C1C8 /* WeatherService.swift */ = {isa = PBXFileReference; lastKnownFileType = sourcecode.swift; path = WeatherService.swift; sourceTree = "<group>"; };
		2C7428FE2877D92700B1C1C8 /* City.swift */ = {isa = PBXFileReference; lastKnownFileType = sourcecode.swift; path = City.swift; sourceTree = "<group>"; };
		2C7429012878070500B1C1C8 /* WeatherViewModel.swift */ = {isa = PBXFileReference; lastKnownFileType = sourcecode.swift; path = WeatherViewModel.swift; sourceTree = "<group>"; };
		2C742905287813D200B1C1C8 /* ViewController.swift */ = {isa = PBXFileReference; lastKnownFileType = sourcecode.swift; path = ViewController.swift; sourceTree = "<group>"; };
		2C7429072878146C00B1C1C8 /* WeatherDetailViewController.swift */ = {isa = PBXFileReference; lastKnownFileType = sourcecode.swift; path = WeatherDetailViewController.swift; sourceTree = "<group>"; };
		2C74290928783D2A00B1C1C8 /* Weather.swift */ = {isa = PBXFileReference; lastKnownFileType = sourcecode.swift; path = Weather.swift; sourceTree = "<group>"; };
		2C74290C28784FC500B1C1C8 /* UIImageView+Extension.swift */ = {isa = PBXFileReference; lastKnownFileType = sourcecode.swift; path = "UIImageView+Extension.swift"; sourceTree = "<group>"; };
		2C9AFCF328791CCE0042578C /* DataModel.xcdatamodel */ = {isa = PBXFileReference; lastKnownFileType = wrapper.xcdatamodel; path = DataModel.xcdatamodel; sourceTree = "<group>"; };
		41DCFCE12877C48C00C22E8E /* WeatherApp.app */ = {isa = PBXFileReference; explicitFileType = wrapper.application; includeInIndex = 0; path = WeatherApp.app; sourceTree = BUILT_PRODUCTS_DIR; };
		41DCFCE42877C48C00C22E8E /* AppDelegate.swift */ = {isa = PBXFileReference; lastKnownFileType = sourcecode.swift; path = AppDelegate.swift; sourceTree = "<group>"; };
		41DCFCE62877C48C00C22E8E /* SceneDelegate.swift */ = {isa = PBXFileReference; lastKnownFileType = sourcecode.swift; path = SceneDelegate.swift; sourceTree = "<group>"; };
		41DCFCEB2877C48C00C22E8E /* Base */ = {isa = PBXFileReference; lastKnownFileType = file.storyboard; name = Base; path = Base.lproj/Main.storyboard; sourceTree = "<group>"; };
		41DCFCED2877C49300C22E8E /* Assets.xcassets */ = {isa = PBXFileReference; lastKnownFileType = folder.assetcatalog; path = Assets.xcassets; sourceTree = "<group>"; };
		41DCFCF02877C49300C22E8E /* Base */ = {isa = PBXFileReference; lastKnownFileType = file.storyboard; name = Base; path = Base.lproj/LaunchScreen.storyboard; sourceTree = "<group>"; };
		41DCFCF22877C49300C22E8E /* Info.plist */ = {isa = PBXFileReference; lastKnownFileType = text.plist.xml; path = Info.plist; sourceTree = "<group>"; };
/* End PBXFileReference section */

/* Begin PBXFrameworksBuildPhase section */
		41DCFCDE2877C48C00C22E8E /* Frameworks */ = {
			isa = PBXFrameworksBuildPhase;
			buildActionMask = 2147483647;
			files = (
			);
			runOnlyForDeploymentPostprocessing = 0;
		};
/* End PBXFrameworksBuildPhase section */

/* Begin PBXGroup section */
		2C7428F72877D77400B1C1C8 /* Model */ = {
			isa = PBXGroup;
			children = (
				2C7428FE2877D92700B1C1C8 /* City.swift */,
				2C74290928783D2A00B1C1C8 /* Weather.swift */,
			);
			path = Model;
			sourceTree = "<group>";
		};
		2C7428F82877D77800B1C1C8 /* View */ = {
			isa = PBXGroup;
			children = (
				2C7428FA2877D82B00B1C1C8 /* WeatherListViewCell.swift */,
				41DCFCEA2877C48C00C22E8E /* Main.storyboard */,
			);
			path = View;
			sourceTree = "<group>";
		};
		2C7428F92877D7AC00B1C1C8 /* Services */ = {
			isa = PBXGroup;
			children = (
				2C7428FC2877D89D00B1C1C8 /* WeatherService.swift */,
			);
			path = Services;
			sourceTree = "<group>";
		};
		2C742900287806E100B1C1C8 /* ViewModel */ = {
			isa = PBXGroup;
			children = (
				2C7429012878070500B1C1C8 /* WeatherViewModel.swift */,
				2C9AFCF228791CCE0042578C /* DataModel.xcdatamodeld */,
			);
			path = ViewModel;
			sourceTree = "<group>";
		};
		2C74290B28784F9D00B1C1C8 /* Extensions */ = {
			isa = PBXGroup;
			children = (
				2C74290C28784FC500B1C1C8 /* UIImageView+Extension.swift */,
			);
			path = Extensions;
			sourceTree = "<group>";
		};
		2CDA32582879425900AAE26B /* Utility */ = {
			isa = PBXGroup;
			children = (
			);
			path = Utility;
			sourceTree = "<group>";
		};
		41DCFCD82877C48C00C22E8E = {
			isa = PBXGroup;
			children = (
				41DCFCE32877C48C00C22E8E /* WeatherApp */,
				41DCFCE22877C48C00C22E8E /* Products */,
			);
			sourceTree = "<group>";
		};
		41DCFCE22877C48C00C22E8E /* Products */ = {
			isa = PBXGroup;
			children = (
				41DCFCE12877C48C00C22E8E /* WeatherApp.app */,
			);
			name = Products;
			sourceTree = "<group>";
		};
		41DCFCE32877C48C00C22E8E /* WeatherApp */ = {
			isa = PBXGroup;
			children = (
				41DCFCE42877C48C00C22E8E /* AppDelegate.swift */,
				41DCFCE62877C48C00C22E8E /* SceneDelegate.swift */,
				2C7428F72877D77400B1C1C8 /* Model */,
				2C7428F82877D77800B1C1C8 /* View */,
				2C742900287806E100B1C1C8 /* ViewModel */,
				2C7428F92877D7AC00B1C1C8 /* Services */,
				2C74290B28784F9D00B1C1C8 /* Extensions */,
				2CDA32582879425900AAE26B /* Utility */,
				41DCFCED2877C49300C22E8E /* Assets.xcassets */,
				41DCFCEF2877C49300C22E8E /* LaunchScreen.storyboard */,
				41DCFCF22877C49300C22E8E /* Info.plist */,
				2C742905287813D200B1C1C8 /* ViewController.swift */,
				2C7429072878146C00B1C1C8 /* WeatherDetailViewController.swift */,
			);
			path = WeatherApp;
			sourceTree = "<group>";
		};
/* End PBXGroup section */

/* Begin PBXNativeTarget section */
		41DCFCE02877C48C00C22E8E /* WeatherApp */ = {
			isa = PBXNativeTarget;
			buildConfigurationList = 41DCFCF52877C49300C22E8E /* Build configuration list for PBXNativeTarget "WeatherApp" */;
			buildPhases = (
				41DCFCDD2877C48C00C22E8E /* Sources */,
				41DCFCDE2877C48C00C22E8E /* Frameworks */,
				41DCFCDF2877C48C00C22E8E /* Resources */,
			);
			buildRules = (
			);
			dependencies = (
			);
			name = WeatherApp;
			productName = WeatherApp;
			productReference = 41DCFCE12877C48C00C22E8E /* WeatherApp.app */;
			productType = "com.apple.product-type.application";
		};
/* End PBXNativeTarget section */

/* Begin PBXProject section */
		41DCFCD92877C48C00C22E8E /* Project object */ = {
			isa = PBXProject;
			attributes = {
				BuildIndependentTargetsInParallel = 1;
				LastSwiftUpdateCheck = 1340;
				LastUpgradeCheck = 1340;
				TargetAttributes = {
					41DCFCE02877C48C00C22E8E = {
						CreatedOnToolsVersion = 13.4;
					};
				};
			};
			buildConfigurationList = 41DCFCDC2877C48C00C22E8E /* Build configuration list for PBXProject "WeatherApp" */;
			compatibilityVersion = "Xcode 13.0";
			developmentRegion = en;
			hasScannedForEncodings = 0;
			knownRegions = (
				en,
				Base,
			);
			mainGroup = 41DCFCD82877C48C00C22E8E;
			productRefGroup = 41DCFCE22877C48C00C22E8E /* Products */;
			projectDirPath = "";
			projectRoot = "";
			targets = (
				41DCFCE02877C48C00C22E8E /* WeatherApp */,
			);
		};
/* End PBXProject section */

/* Begin PBXResourcesBuildPhase section */
		41DCFCDF2877C48C00C22E8E /* Resources */ = {
			isa = PBXResourcesBuildPhase;
			buildActionMask = 2147483647;
			files = (
				41DCFCF12877C49300C22E8E /* LaunchScreen.storyboard in Resources */,
				41DCFCEE2877C49300C22E8E /* Assets.xcassets in Resources */,
				41DCFCEC2877C48C00C22E8E /* Main.storyboard in Resources */,
			);
			runOnlyForDeploymentPostprocessing = 0;
		};
/* End PBXResourcesBuildPhase section */

/* Begin PBXSourcesBuildPhase section */
		41DCFCDD2877C48C00C22E8E /* Sources */ = {
			isa = PBXSourcesBuildPhase;
			buildActionMask = 2147483647;
			files = (
				2C9AFCF428791CCE0042578C /* DataModel.xcdatamodeld in Sources */,
				2C74290D28784FC500B1C1C8 /* UIImageView+Extension.swift in Sources */,
				2C7428FD2877D89D00B1C1C8 /* WeatherService.swift in Sources */,
				41DCFCE52877C48C00C22E8E /* AppDelegate.swift in Sources */,
				2C7429082878146C00B1C1C8 /* WeatherDetailViewController.swift in Sources */,
				2C7429022878070500B1C1C8 /* WeatherViewModel.swift in Sources */,
				2C74290A28783D2A00B1C1C8 /* Weather.swift in Sources */,
				41DCFCE72877C48C00C22E8E /* SceneDelegate.swift in Sources */,
				2C742906287813D200B1C1C8 /* ViewController.swift in Sources */,
				2C7428FF2877D92700B1C1C8 /* City.swift in Sources */,
				2C7428FB2877D82B00B1C1C8 /* WeatherListViewCell.swift in Sources */,
			);
			runOnlyForDeploymentPostprocessing = 0;
		};
/* End PBXSourcesBuildPhase section */

/* Begin PBXVariantGroup section */
		41DCFCEA2877C48C00C22E8E /* Main.storyboard */ = {
			isa = PBXVariantGroup;
			children = (
				41DCFCEB2877C48C00C22E8E /* Base */,
			);
			name = Main.storyboard;
			sourceTree = "<group>";
		};
		41DCFCEF2877C49300C22E8E /* LaunchScreen.storyboard */ = {
			isa = PBXVariantGroup;
			children = (
				41DCFCF02877C49300C22E8E /* Base */,
			);
			name = LaunchScreen.storyboard;
			sourceTree = "<group>";
		};
/* End PBXVariantGroup section */

/* Begin XCBuildConfiguration section */
		41DCFCF32877C49300C22E8E /* Debug */ = {
			isa = XCBuildConfiguration;
			buildSettings = {
				ALWAYS_SEARCH_USER_PATHS = NO;
				CLANG_ANALYZER_NONNULL = YES;
				CLANG_ANALYZER_NUMBER_OBJECT_CONVERSION = YES_AGGRESSIVE;
				CLANG_CXX_LANGUAGE_STANDARD = "gnu++17";
				CLANG_ENABLE_MODULES = YES;
				CLANG_ENABLE_OBJC_ARC = YES;
				CLANG_ENABLE_OBJC_WEAK = YES;
				CLANG_WARN_BLOCK_CAPTURE_AUTORELEASING = YES;
				CLANG_WARN_BOOL_CONVERSION = YES;
				CLANG_WARN_COMMA = YES;
				CLANG_WARN_CONSTANT_CONVERSION = YES;
				CLANG_WARN_DEPRECATED_OBJC_IMPLEMENTATIONS = YES;
				CLANG_WARN_DIRECT_OBJC_ISA_USAGE = YES_ERROR;
				CLANG_WARN_DOCUMENTATION_COMMENTS = YES;
				CLANG_WARN_EMPTY_BODY = YES;
				CLANG_WARN_ENUM_CONVERSION = YES;
				CLANG_WARN_INFINITE_RECURSION = YES;
				CLANG_WARN_INT_CONVERSION = YES;
				CLANG_WARN_NON_LITERAL_NULL_CONVERSION = YES;
				CLANG_WARN_OBJC_IMPLICIT_RETAIN_SELF = YES;
				CLANG_WARN_OBJC_LITERAL_CONVERSION = YES;
				CLANG_WARN_OBJC_ROOT_CLASS = YES_ERROR;
				CLANG_WARN_QUOTED_INCLUDE_IN_FRAMEWORK_HEADER = YES;
				CLANG_WARN_RANGE_LOOP_ANALYSIS = YES;
				CLANG_WARN_STRICT_PROTOTYPES = YES;
				CLANG_WARN_SUSPICIOUS_MOVE = YES;
				CLANG_WARN_UNGUARDED_AVAILABILITY = YES_AGGRESSIVE;
				CLANG_WARN_UNREACHABLE_CODE = YES;
				CLANG_WARN__DUPLICATE_METHOD_MATCH = YES;
				COPY_PHASE_STRIP = NO;
				DEBUG_INFORMATION_FORMAT = dwarf;
				ENABLE_STRICT_OBJC_MSGSEND = YES;
				ENABLE_TESTABILITY = YES;
				GCC_C_LANGUAGE_STANDARD = gnu11;
				GCC_DYNAMIC_NO_PIC = NO;
				GCC_NO_COMMON_BLOCKS = YES;
				GCC_OPTIMIZATION_LEVEL = 0;
				GCC_PREPROCESSOR_DEFINITIONS = (
					"DEBUG=1",
					"$(inherited)",
				);
				GCC_WARN_64_TO_32_BIT_CONVERSION = YES;
				GCC_WARN_ABOUT_RETURN_TYPE = YES_ERROR;
				GCC_WARN_UNDECLARED_SELECTOR = YES;
				GCC_WARN_UNINITIALIZED_AUTOS = YES_AGGRESSIVE;
				GCC_WARN_UNUSED_FUNCTION = YES;
				GCC_WARN_UNUSED_VARIABLE = YES;
				IPHONEOS_DEPLOYMENT_TARGET = 15.5;
				MTL_ENABLE_DEBUG_INFO = INCLUDE_SOURCE;
				MTL_FAST_MATH = YES;
				ONLY_ACTIVE_ARCH = YES;
				SDKROOT = iphoneos;
				SWIFT_ACTIVE_COMPILATION_CONDITIONS = DEBUG;
				SWIFT_OPTIMIZATION_LEVEL = "-Onone";
			};
			name = Debug;
		};
		41DCFCF42877C49300C22E8E /* Release */ = {
			isa = XCBuildConfiguration;
			buildSettings = {
				ALWAYS_SEARCH_USER_PATHS = NO;
				CLANG_ANALYZER_NONNULL = YES;
				CLANG_ANALYZER_NUMBER_OBJECT_CONVERSION = YES_AGGRESSIVE;
				CLANG_CXX_LANGUAGE_STANDARD = "gnu++17";
				CLANG_ENABLE_MODULES = YES;
				CLANG_ENABLE_OBJC_ARC = YES;
				CLANG_ENABLE_OBJC_WEAK = YES;
				CLANG_WARN_BLOCK_CAPTURE_AUTORELEASING = YES;
				CLANG_WARN_BOOL_CONVERSION = YES;
				CLANG_WARN_COMMA = YES;
				CLANG_WARN_CONSTANT_CONVERSION = YES;
				CLANG_WARN_DEPRECATED_OBJC_IMPLEMENTATIONS = YES;
				CLANG_WARN_DIRECT_OBJC_ISA_USAGE = YES_ERROR;
				CLANG_WARN_DOCUMENTATION_COMMENTS = YES;
				CLANG_WARN_EMPTY_BODY = YES;
				CLANG_WARN_ENUM_CONVERSION = YES;
				CLANG_WARN_INFINITE_RECURSION = YES;
				CLANG_WARN_INT_CONVERSION = YES;
				CLANG_WARN_NON_LITERAL_NULL_CONVERSION = YES;
				CLANG_WARN_OBJC_IMPLICIT_RETAIN_SELF = YES;
				CLANG_WARN_OBJC_LITERAL_CONVERSION = YES;
				CLANG_WARN_OBJC_ROOT_CLASS = YES_ERROR;
				CLANG_WARN_QUOTED_INCLUDE_IN_FRAMEWORK_HEADER = YES;
				CLANG_WARN_RANGE_LOOP_ANALYSIS = YES;
				CLANG_WARN_STRICT_PROTOTYPES = YES;
				CLANG_WARN_SUSPICIOUS_MOVE = YES;
				CLANG_WARN_UNGUARDED_AVAILABILITY = YES_AGGRESSIVE;
				CLANG_WARN_UNREACHABLE_CODE = YES;
				CLANG_WARN__DUPLICATE_METHOD_MATCH = YES;
				COPY_PHASE_STRIP = NO;
				DEBUG_INFORMATION_FORMAT = "dwarf-with-dsym";
				ENABLE_NS_ASSERTIONS = NO;
				ENABLE_STRICT_OBJC_MSGSEND = YES;
				GCC_C_LANGUAGE_STANDARD = gnu11;
				GCC_NO_COMMON_BLOCKS = YES;
				GCC_WARN_64_TO_32_BIT_CONVERSION = YES;
				GCC_WARN_ABOUT_RETURN_TYPE = YES_ERROR;
				GCC_WARN_UNDECLARED_SELECTOR = YES;
				GCC_WARN_UNINITIALIZED_AUTOS = YES_AGGRESSIVE;
				GCC_WARN_UNUSED_FUNCTION = YES;
				GCC_WARN_UNUSED_VARIABLE = YES;
				IPHONEOS_DEPLOYMENT_TARGET = 15.5;
				MTL_ENABLE_DEBUG_INFO = NO;
				MTL_FAST_MATH = YES;
				SDKROOT = iphoneos;
				SWIFT_COMPILATION_MODE = wholemodule;
				SWIFT_OPTIMIZATION_LEVEL = "-O";
				VALIDATE_PRODUCT = YES;
			};
			name = Release;
		};
		41DCFCF62877C49300C22E8E /* Debug */ = {
			isa = XCBuildConfiguration;
			buildSettings = {
				ASSETCATALOG_COMPILER_APPICON_NAME = AppIcon;
				ASSETCATALOG_COMPILER_GLOBAL_ACCENT_COLOR_NAME = AccentColor;
				CODE_SIGN_STYLE = Automatic;
				CURRENT_PROJECT_VERSION = 1;
				DEVELOPMENT_TEAM = FESSFMN9FC;
				GENERATE_INFOPLIST_FILE = YES;
				INFOPLIST_FILE = WeatherApp/Info.plist;
				INFOPLIST_KEY_UIApplicationSupportsIndirectInputEvents = YES;
				INFOPLIST_KEY_UILaunchStoryboardName = LaunchScreen;
				INFOPLIST_KEY_UIMainStoryboardFile = Main;
				INFOPLIST_KEY_UISupportedInterfaceOrientations_iPad = "UIInterfaceOrientationPortrait UIInterfaceOrientationPortraitUpsideDown UIInterfaceOrientationLandscapeLeft UIInterfaceOrientationLandscapeRight";
				INFOPLIST_KEY_UISupportedInterfaceOrientations_iPhone = "UIInterfaceOrientationPortrait UIInterfaceOrientationLandscapeLeft UIInterfaceOrientationLandscapeRight";
				LD_RUNPATH_SEARCH_PATHS = (
					"$(inherited)",
					"@executable_path/Frameworks",
				);
				MARKETING_VERSION = 1.0;
				PRODUCT_BUNDLE_IDENTIFIER = com.il.WeatherApp;
				PRODUCT_NAME = "$(TARGET_NAME)";
				SWIFT_EMIT_LOC_STRINGS = YES;
				SWIFT_VERSION = 5.0;
				TARGETED_DEVICE_FAMILY = "1,2";
			};
			name = Debug;
		};
		41DCFCF72877C49300C22E8E /* Release */ = {
			isa = XCBuildConfiguration;
			buildSettings = {
				ASSETCATALOG_COMPILER_APPICON_NAME = AppIcon;
				ASSETCATALOG_COMPILER_GLOBAL_ACCENT_COLOR_NAME = AccentColor;
				CODE_SIGN_STYLE = Automatic;
				CURRENT_PROJECT_VERSION = 1;
				DEVELOPMENT_TEAM = FESSFMN9FC;
				GENERATE_INFOPLIST_FILE = YES;
				INFOPLIST_FILE = WeatherApp/Info.plist;
				INFOPLIST_KEY_UIApplicationSupportsIndirectInputEvents = YES;
				INFOPLIST_KEY_UILaunchStoryboardName = LaunchScreen;
				INFOPLIST_KEY_UIMainStoryboardFile = Main;
				INFOPLIST_KEY_UISupportedInterfaceOrientations_iPad = "UIInterfaceOrientationPortrait UIInterfaceOrientationPortraitUpsideDown UIInterfaceOrientationLandscapeLeft UIInterfaceOrientationLandscapeRight";
				INFOPLIST_KEY_UISupportedInterfaceOrientations_iPhone = "UIInterfaceOrientationPortrait UIInterfaceOrientationLandscapeLeft UIInterfaceOrientationLandscapeRight";
				LD_RUNPATH_SEARCH_PATHS = (
					"$(inherited)",
					"@executable_path/Frameworks",
				);
				MARKETING_VERSION = 1.0;
				PRODUCT_BUNDLE_IDENTIFIER = com.il.WeatherApp;
				PRODUCT_NAME = "$(TARGET_NAME)";
				SWIFT_EMIT_LOC_STRINGS = YES;
				SWIFT_VERSION = 5.0;
				TARGETED_DEVICE_FAMILY = "1,2";
			};
			name = Release;
		};
/* End XCBuildConfiguration section */

/* Begin XCConfigurationList section */
		41DCFCDC2877C48C00C22E8E /* Build configuration list for PBXProject "WeatherApp" */ = {
			isa = XCConfigurationList;
			buildConfigurations = (
				41DCFCF32877C49300C22E8E /* Debug */,
				41DCFCF42877C49300C22E8E /* Release */,
			);
			defaultConfigurationIsVisible = 0;
			defaultConfigurationName = Release;
		};
		41DCFCF52877C49300C22E8E /* Build configuration list for PBXNativeTarget "WeatherApp" */ = {
			isa = XCConfigurationList;
			buildConfigurations = (
				41DCFCF62877C49300C22E8E /* Debug */,
				41DCFCF72877C49300C22E8E /* Release */,
			);
			defaultConfigurationIsVisible = 0;
			defaultConfigurationName = Release;
		};
/* End XCConfigurationList section */

/* Begin XCVersionGroup section */
		2C9AFCF228791CCE0042578C /* DataModel.xcdatamodeld */ = {
			isa = XCVersionGroup;
			children = (
				2C9AFCF328791CCE0042578C /* DataModel.xcdatamodel */,
			);
			currentVersion = 2C9AFCF328791CCE0042578C /* DataModel.xcdatamodel */;
			path = DataModel.xcdatamodeld;
			sourceTree = "<group>";
			versionGroupType = wrapper.xcdatamodel;
		};
/* End XCVersionGroup section */
	};
	rootObject = 41DCFCD92877C48C00C22E8E /* Project object */;
}
